
Microsoft Visual Studio Solution File, Format Version 12.00
# Visual Studio Version 17
VisualStudioVersion = 17.11.35327.3
MinimumVisualStudioVersion = 10.0.40219.1
Project("{FAE04EC0-301F-11D3-BF4B-00C04F79EFBC}") = "AdminPl", "AdminPl.csproj", "{44A0F0E9-277A-4671-9694-89B8EB71E3FA}"
EndProject
Project("{FAE04EC0-301F-11D3-BF4B-00C04F79EFBC}") = "DAL", "..\DAL\DAL.csproj", "{699B27C6-3E5F-463F-930B-F5F5CA842108}"
EndProject
Project("{FAE04EC0-301F-11D3-BF4B-00C04F79EFBC}") = "BLL", "..\BLL\BLL.csproj", "{991C6E72-2D2F-4488-89B1-60569AD948DC}"
EndProject
Global
	GlobalSection(SolutionConfigurationPlatforms) = preSolution
		Debug|Any CPU = Debug|Any CPU
		Release|Any CPU = Release|Any CPU
	EndGlobalSection
	GlobalSection(ProjectConfigurationPlatforms) = postSolution
		{44A0F0E9-277A-4671-9694-89B8EB71E3FA}.Debug|Any CPU.ActiveCfg = Debug|Any CPU
		{44A0F0E9-277A-4671-9694-89B8EB71E3FA}.Debug|Any CPU.Build.0 = Debug|Any CPU
		{44A0F0E9-277A-4671-9694-89B8EB71E3FA}.Release|Any CPU.ActiveCfg = Release|Any CPU
		{44A0F0E9-277A-4671-9694-89B8EB71E3FA}.Release|Any CPU.Build.0 = Release|Any CPU
		{699B27C6-3E5F-463F-930B-F5F5CA842108}.Debug|Any CPU.ActiveCfg = Debug|Any CPU
		{699B27C6-3E5F-463F-930B-F5F5CA842108}.Debug|Any CPU.Build.0 = Debug|Any CPU
		{699B27C6-3E5F-463F-930B-F5F5CA842108}.Release|Any CPU.ActiveCfg = Release|Any CPU
		{699B27C6-3E5F-463F-930B-F5F5CA842108}.Release|Any CPU.Build.0 = Release|Any CPU
		{991C6E72-2D2F-4488-89B1-60569AD948DC}.Debug|Any CPU.ActiveCfg = Debug|Any CPU
		{991C6E72-2D2F-4488-89B1-60569AD948DC}.Debug|Any CPU.Build.0 = Debug|Any CPU
		{991C6E72-2D2F-4488-89B1-60569AD948DC}.Release|Any CPU.ActiveCfg = Release|Any CPU
		{991C6E72-2D2F-4488-89B1-60569AD948DC}.Release|Any CPU.Build.0 = Release|Any CPU
	EndGlobalSection
	GlobalSection(SolutionProperties) = preSolution
		HideSolutionNode = FALSE
	EndGlobalSection
	GlobalSection(ExtensibilityGlobals) = postSolution
		SolutionGuid = {06F725AE-5C42-4BD2-8432-132631062927}
	EndGlobalSection
EndGlobal
